// !$*UTF8*$!
{
	archiveVersion = 1;
	classes = {
	};
	objectVersion = 50;
	objects = {

/* Begin PBXBuildFile section */
		BA08C947225DE7E5002F3B58 /* AppDelegate.m in Sources */ = {isa = PBXBuildFile; fileRef = BA08C946225DE7E5002F3B58 /* AppDelegate.m */; };
		BA08C94A225DE7E5002F3B58 /* ViewController.m in Sources */ = {isa = PBXBuildFile; fileRef = BA08C949225DE7E5002F3B58 /* ViewController.m */; };
		BA08C94C225DE7F4002F3B58 /* Assets.xcassets in Resources */ = {isa = PBXBuildFile; fileRef = BA08C94B225DE7F4002F3B58 /* Assets.xcassets */; };
		BA08C94F225DE7F4002F3B58 /* Main.storyboard in Resources */ = {isa = PBXBuildFile; fileRef = BA08C94D225DE7F4002F3B58 /* Main.storyboard */; };
		BA08C952225DE7F4002F3B58 /* main.m in Sources */ = {isa = PBXBuildFile; fileRef = BA08C951225DE7F4002F3B58 /* main.m */; };
		BA08C95B225DE82C002F3B58 /* Calculator.m in Sources */ = {isa = PBXBuildFile; fileRef = BA08C95A225DE82C002F3B58 /* Calculator.m */; };
		BA12D02E225EA0A00049A4BC /* Calculator+CalculatorSquaring.m in Sources */ = {isa = PBXBuildFile; fileRef = BA12D02D225EA0A00049A4BC /* Calculator+CalculatorSquaring.m */; };
/* End PBXBuildFile section */

/* Begin PBXFileReference section */
		BA08C942225DE7E5002F3B58 /* SimpleCalculator.app */ = {isa = PBXFileReference; explicitFileType = wrapper.application; includeInIndex = 0; path = SimpleCalculator.app; sourceTree = BUILT_PRODUCTS_DIR; };
		BA08C945225DE7E5002F3B58 /* AppDelegate.h */ = {isa = PBXFileReference; lastKnownFileType = sourcecode.c.h; path = AppDelegate.h; sourceTree = "<group>"; };
		BA08C946225DE7E5002F3B58 /* AppDelegate.m */ = {isa = PBXFileReference; lastKnownFileType = sourcecode.c.objc; path = AppDelegate.m; sourceTree = "<group>"; };
		BA08C948225DE7E5002F3B58 /* ViewController.h */ = {isa = PBXFileReference; lastKnownFileType = sourcecode.c.h; path = ViewController.h; sourceTree = "<group>"; };
		BA08C949225DE7E5002F3B58 /* ViewController.m */ = {isa = PBXFileReference; lastKnownFileType = sourcecode.c.objc; path = ViewController.m; sourceTree = "<group>"; };
		BA08C94B225DE7F4002F3B58 /* Assets.xcassets */ = {isa = PBXFileReference; lastKnownFileType = folder.assetcatalog; path = Assets.xcassets; sourceTree = "<group>"; };
		BA08C94E225DE7F4002F3B58 /* Base */ = {isa = PBXFileReference; lastKnownFileType = file.storyboard; name = Base; path = Base.lproj/Main.storyboard; sourceTree = "<group>"; };
		BA08C950225DE7F4002F3B58 /* Info.plist */ = {isa = PBXFileReference; lastKnownFileType = text.plist.xml; path = Info.plist; sourceTree = "<group>"; };
		BA08C951225DE7F4002F3B58 /* main.m */ = {isa = PBXFileReference; lastKnownFileType = sourcecode.c.objc; path = main.m; sourceTree = "<group>"; };
		BA08C953225DE7F4002F3B58 /* SimpleCalculator.entitlements */ = {isa = PBXFileReference; lastKnownFileType = text.plist.entitlements; path = SimpleCalculator.entitlements; sourceTree = "<group>"; };
		BA08C959225DE82C002F3B58 /* Calculator.h */ = {isa = PBXFileReference; lastKnownFileType = sourcecode.c.h; path = Calculator.h; sourceTree = "<group>"; };
		BA08C95A225DE82C002F3B58 /* Calculator.m */ = {isa = PBXFileReference; lastKnownFileType = sourcecode.c.objc; path = Calculator.m; sourceTree = "<group>"; };
		BA12D02C225EA0A00049A4BC /* Calculator+CalculatorSquaring.h */ = {isa = PBXFileReference; lastKnownFileType = sourcecode.c.h; path = "Calculator+CalculatorSquaring.h"; sourceTree = "<group>"; };
		BA12D02D225EA0A00049A4BC /* Calculator+CalculatorSquaring.m */ = {isa = PBXFileReference; lastKnownFileType = sourcecode.c.objc; path = "Calculator+CalculatorSquaring.m"; sourceTree = "<group>"; };
/* End PBXFileReference section */

/* Begin PBXFrameworksBuildPhase section */
		BA08C93F225DE7E5002F3B58 /* Frameworks */ = {
			isa = PBXFrameworksBuildPhase;
			buildActionMask = 2147483647;
			files = (
			);
			runOnlyForDeploymentPostprocessing = 0;
		};
/* End PBXFrameworksBuildPhase section */

/* Begin PBXGroup section */
		BA08C939225DE7E5002F3B58 = {
			isa = PBXGroup;
			children = (
				BA08C944225DE7E5002F3B58 /* SimpleCalculator */,
				BA08C943225DE7E5002F3B58 /* Products */,
			);
			sourceTree = "<group>";
		};
		BA08C943225DE7E5002F3B58 /* Products */ = {
			isa = PBXGroup;
			children = (
				BA08C942225DE7E5002F3B58 /* SimpleCalculator.app */,
			);
			name = Products;
			sourceTree = "<group>";
		};
		BA08C944225DE7E5002F3B58 /* SimpleCalculator */ = {
			isa = PBXGroup;
			children = (
				BA08C945225DE7E5002F3B58 /* AppDelegate.h */,
				BA08C946225DE7E5002F3B58 /* AppDelegate.m */,
				BA08C948225DE7E5002F3B58 /* ViewController.h */,
				BA08C949225DE7E5002F3B58 /* ViewController.m */,
				BA08C94B225DE7F4002F3B58 /* Assets.xcassets */,
				BA08C94D225DE7F4002F3B58 /* Main.storyboard */,
				BA08C950225DE7F4002F3B58 /* Info.plist */,
				BA08C951225DE7F4002F3B58 /* main.m */,
				BA08C953225DE7F4002F3B58 /* SimpleCalculator.entitlements */,
				BA08C959225DE82C002F3B58 /* Calculator.h */,
				BA08C95A225DE82C002F3B58 /* Calculator.m */,
				BA12D02C225EA0A00049A4BC /* Calculator+CalculatorSquaring.h */,
				BA12D02D225EA0A00049A4BC /* Calculator+CalculatorSquaring.m */,
			);
			path = SimpleCalculator;
			sourceTree = "<group>";
		};
/* End PBXGroup section */

/* Begin PBXNativeTarget section */
		BA08C941225DE7E5002F3B58 /* SimpleCalculator */ = {
			isa = PBXNativeTarget;
			buildConfigurationList = BA08C956225DE7F4002F3B58 /* Build configuration list for PBXNativeTarget "SimpleCalculator" */;
			buildPhases = (
				BA08C93E225DE7E5002F3B58 /* Sources */,
				BA08C93F225DE7E5002F3B58 /* Frameworks */,
				BA08C940225DE7E5002F3B58 /* Resources */,
			);
			buildRules = (
			);
			dependencies = (
			);
			name = SimpleCalculator;
			productName = SimpleCalculator;
			productReference = BA08C942225DE7E5002F3B58 /* SimpleCalculator.app */;
			productType = "com.apple.product-type.application";
		};
/* End PBXNativeTarget section */

/* Begin PBXProject section */
		BA08C93A225DE7E5002F3B58 /* Project object */ = {
			isa = PBXProject;
			attributes = {
				LastUpgradeCheck = 0930;
				ORGANIZATIONNAME = iti;
				TargetAttributes = {
					BA08C941225DE7E5002F3B58 = {
						CreatedOnToolsVersion = 9.3;
					};
				};
			};
			buildConfigurationList = BA08C93D225DE7E5002F3B58 /* Build configuration list for PBXProject "SimpleCalculator" */;
			compatibilityVersion = "Xcode 9.3";
			developmentRegion = en;
			hasScannedForEncodings = 0;
			knownRegions = (
				en,
				Base,
			);
			mainGroup = BA08C939225DE7E5002F3B58;
			productRefGroup = BA08C943225DE7E5002F3B58 /* Products */;
			projectDirPath = "";
			projectRoot = "";
			targets = (
				BA08C941225DE7E5002F3B58 /* SimpleCalculator */,
			);
		};
/* End PBXProject section */

/* Begin PBXResourcesBuildPhase section */
		BA08C940225DE7E5002F3B58 /* Resources */ = {
			isa = PBXResourcesBuildPhase;
			buildActionMask = 2147483647;
			files = (
				BA08C94C225DE7F4002F3B58 /* Assets.xcassets in Resources */,
				BA08C94F225DE7F4002F3B58 /* Main.storyboard in Resources */,
			);
			runOnlyForDeploymentPostprocessing = 0;
		};
/* End PBXResourcesBuildPhase section */

/* Begin PBXSourcesBuildPhase section */
		BA08C93E225DE7E5002F3B58 /* Sources */ = {
			isa = PBXSourcesBuildPhase;
			buildActionMask = 2147483647;
			files = (
				BA08C94A225DE7E5002F3B58 /* ViewController.m in Sources */,
				BA08C95B225DE82C002F3B58 /* Calculator.m in Sources */,
				BA12D02E225EA0A00049A4BC /* Calculator+CalculatorSquaring.m in Sources */,
				BA08C952225DE7F4002F3B58 /* main.m in Sources */,
				BA08C947225DE7E5002F3B58 /* AppDelegate.m in Sources */,
			);
			runOnlyForDeploymentPostprocessing = 0;
		};
/* End PBXSourcesBuildPhase section */

/* Begin PBXVariantGroup section */
		BA08C94D225DE7F4002F3B58 /* Main.storyboard */ = {
			isa = PBXVariantGroup;
			children = (
				BA08C94E225DE7F4002F3B58 /* Base */,
			);
			name = Main.storyboard;
			sourceTree = "<group>";
		};
/* End PBXVariantGroup section */

/* Begin XCBuildConfiguration section */
		BA08C954225DE7F4002F3B58 /* Debug */ = {
			isa = XCBuildConfiguration;
			buildSettings = {
				ALWAYS_SEARCH_USER_PATHS = NO;
				CLANG_ANALYZER_NONNULL = YES;
				CLANG_ANALYZER_NUMBER_OBJECT_CONVERSION = YES_AGGRESSIVE;
				CLANG_CXX_LANGUAGE_STANDARD = "gnu++14";
				CLANG_CXX_LIBRARY = "libc++";
				CLANG_ENABLE_MODULES = YES;
				CLANG_ENABLE_OBJC_ARC = YES;
				CLANG_ENABLE_OBJC_WEAK = YES;
				CLANG_WARN_BLOCK_CAPTURE_AUTORELEASING = YES;
				CLANG_WARN_BOOL_CONVERSION = YES;
				CLANG_WARN_COMMA = YES;
				CLANG_WARN_CONSTANT_CONVERSION = YES;
				CLANG_WARN_DEPRECATED_OBJC_IMPLEMENTATIONS = YES;
				CLANG_WARN_DIRECT_OBJC_ISA_USAGE = YES_ERROR;
				CLANG_WARN_DOCUMENTATION_COMMENTS = YES;
				CLANG_WARN_EMPTY_BODY = YES;
				CLANG_WARN_ENUM_CONVERSION = YES;
				CLANG_WARN_INFINITE_RECURSION = YES;
				CLANG_WARN_INT_CONVERSION = YES;
				CLANG_WARN_NON_LITERAL_NULL_CONVERSION = YES;
				CLANG_WARN_OBJC_IMPLICIT_RETAIN_SELF = YES;
				CLANG_WARN_OBJC_LITERAL_CONVERSION = YES;
				CLANG_WARN_OBJC_ROOT_CLASS = YES_ERROR;
				CLANG_WARN_RANGE_LOOP_ANALYSIS = YES;
				CLANG_WARN_STRICT_PROTOTYPES = YES;
				CLANG_WARN_SUSPICIOUS_MOVE = YES;
				CLANG_WARN_UNGUARDED_AVAILABILITY = YES_AGGRESSIVE;
				CLANG_WARN_UNREACHABLE_CODE = YES;
				CLANG_WARN__DUPLICATE_METHOD_MATCH = YES;
				CODE_SIGN_IDENTITY = "-";
				COPY_PHASE_STRIP = NO;
				DEBUG_INFORMATION_FORMAT = dwarf;
				ENABLE_STRICT_OBJC_MSGSEND = YES;
				ENABLE_TESTABILITY = YES;
				GCC_C_LANGUAGE_STANDARD = gnu11;
				GCC_DYNAMIC_NO_PIC = NO;
				GCC_NO_COMMON_BLOCKS = YES;
				GCC_OPTIMIZATION_LEVEL = 0;
				GCC_PREPROCESSOR_DEFINITIONS = (
					"DEBUG=1",
					"$(inherited)",
				);
				GCC_WARN_64_TO_32_BIT_CONVERSION = YES;
				GCC_WARN_ABOUT_RETURN_TYPE = YES_ERROR;
				GCC_WARN_UNDECLARED_SELECTOR = YES;
				GCC_WARN_UNINITIALIZED_AUTOS = YES_AGGRESSIVE;
				GCC_WARN_UNUSED_FUNCTION = YES;
				GCC_WARN_UNUSED_VARIABLE = YES;
				MACOSX_DEPLOYMENT_TARGET = 10.13;
				MTL_ENABLE_DEBUG_INFO = YES;
				ONLY_ACTIVE_ARCH = YES;
				SDKROOT = macosx;
			};
			name = Debug;
		};
		BA08C955225DE7F4002F3B58 /* Release */ = {
			isa = XCBuildConfiguration;
			buildSettings = {
				ALWAYS_SEARCH_USER_PATHS = NO;
				CLANG_ANALYZER_NONNULL = YES;
				CLANG_ANALYZER_NUMBER_OBJECT_CONVERSION = YES_AGGRESSIVE;
				CLANG_CXX_LANGUAGE_STANDARD = "gnu++14";
				CLANG_CXX_LIBRARY = "libc++";
				CLANG_ENABLE_MODULES = YES;
				CLANG_ENABLE_OBJC_ARC = YES;
				CLANG_ENABLE_OBJC_WEAK = YES;
				CLANG_WARN_BLOCK_CAPTURE_AUTORELEASING = YES;
				CLANG_WARN_BOOL_CONVERSION = YES;
				CLANG_WARN_COMMA = YES;
				CLANG_WARN_CONSTANT_CONVERSION = YES;
				CLANG_WARN_DEPRECATED_OBJC_IMPLEMENTATIONS = YES;
				CLANG_WARN_DIRECT_OBJC_ISA_USAGE = YES_ERROR;
				CLANG_WARN_DOCUMENTATION_COMMENTS = YES;
				CLANG_WARN_EMPTY_BODY = YES;
				CLANG_WARN_ENUM_CONVERSION = YES;
				CLANG_WARN_INFINITE_RECURSION = YES;
				CLANG_WARN_INT_CONVERSION = YES;
				CLANG_WARN_NON_LITERAL_NULL_CONVERSION = YES;
				CLANG_WARN_OBJC_IMPLICIT_RETAIN_SELF = YES;
				CLANG_WARN_OBJC_LITERAL_CONVERSION = YES;
				CLANG_WARN_OBJC_ROOT_CLASS = YES_ERROR;
				CLANG_WARN_RANGE_LOOP_ANALYSIS = YES;
				CLANG_WARN_STRICT_PROTOTYPES = YES;
				CLANG_WARN_SUSPICIOUS_MOVE = YES;
				CLANG_WARN_UNGUARDED_AVAILABILITY = YES_AGGRESSIVE;
				CLANG_WARN_UNREACHABLE_CODE = YES;
				CLANG_WARN__DUPLICATE_METHOD_MATCH = YES;
				CODE_SIGN_IDENTITY = "-";
				COPY_PHASE_STRIP = NO;
				DEBUG_INFORMATION_FORMAT = "dwarf-with-dsym";
				ENABLE_NS_ASSERTIONS = NO;
				ENABLE_STRICT_OBJC_MSGSEND = YES;
				GCC_C_LANGUAGE_STANDARD = gnu11;
				GCC_NO_COMMON_BLOCKS = YES;
				GCC_WARN_64_TO_32_BIT_CONVERSION = YES;
				GCC_WARN_ABOUT_RETURN_TYPE = YES_ERROR;
				GCC_WARN_UNDECLARED_SELECTOR = YES;
				GCC_WARN_UNINITIALIZED_AUTOS = YES_AGGRESSIVE;
				GCC_WARN_UNUSED_FUNCTION = YES;
				GCC_WARN_UNUSED_VARIABLE = YES;
				MACOSX_DEPLOYMENT_TARGET = 10.13;
				MTL_ENABLE_DEBUG_INFO = NO;
				SDKROOT = macosx;
			};
			name = Release;
		};
		BA08C957225DE7F4002F3B58 /* Debug */ = {
			isa = XCBuildConfiguration;
			buildSettings = {
				ASSETCATALOG_COMPILER_APPICON_NAME = AppIcon;
				CODE_SIGN_ENTITLEMENTS = SimpleCalculator/SimpleCalculator.entitlements;
				CODE_SIGN_STYLE = Automatic;
				COMBINE_HIDPI_IMAGES = YES;
				INFOPLIST_FILE = SimpleCalculator/Info.plist;
				LD_RUNPATH_SEARCH_PATHS = (
					"$(inherited)",
					"@executable_path/../Frameworks",
				);
				PRODUCT_BUNDLE_IDENTIFIER = com.ep.SimpleCalculator;
				PRODUCT_NAME = "$(TARGET_NAME)";
			};
			name = Debug;
		};
		BA08C958225DE7F4002F3B58 /* Release */ = {
			isa = XCBuildConfiguration;
			buildSettings = {
				ASSETCATALOG_COMPILER_APPICON_NAME = AppIcon;
				CODE_SIGN_ENTITLEMENTS = SimpleCalculator/SimpleCalculator.entitlements;
				CODE_SIGN_STYLE = Automatic;
				COMBINE_HIDPI_IMAGES = YES;
				INFOPLIST_FILE = SimpleCalculator/Info.plist;
				LD_RUNPATH_SEARCH_PATHS = (
					"$(inherited)",
					"@executable_path/../Frameworks",
				);
				PRODUCT_BUNDLE_IDENTIFIER = com.ep.SimpleCalculator;
				PRODUCT_NAME = "$(TARGET_NAME)";
			};
			name = Release;
		};
/* End XCBuildConfiguration section */

/* Begin XCConfigurationList section */
		BA08C93D225DE7E5002F3B58 /* Build configuration list for PBXProject "SimpleCalculator" */ = {
			isa = XCConfigurationList;
			buildConfigurations = (
				BA08C954225DE7F4002F3B58 /* Debug */,
				BA08C955225DE7F4002F3B58 /* Release */,
			);
			defaultConfigurationIsVisible = 0;
			defaultConfigurationName = Release;
		};
		BA08C956225DE7F4002F3B58 /* Build configuration list for PBXNativeTarget "SimpleCalculator" */ = {
			isa = XCConfigurationList;
			buildConfigurations = (
				BA08C957225DE7F4002F3B58 /* Debug */,
				BA08C958225DE7F4002F3B58 /* Release */,
			);
			defaultConfigurationIsVisible = 0;
			defaultConfigurationName = Release;
		};
/* End XCConfigurationList section */
	};
	rootObject = BA08C93A225DE7E5002F3B58 /* Project object */;
}
